
Microsoft Visual Studio Solution File, Format Version 12.00
# Visual Studio Version 17
VisualStudioVersion = 17.4.33205.214
MinimumVisualStudioVersion = 10.0.40219.1
Project("{FAE04EC0-301F-11D3-BF4B-00C04F79EFBC}") = "LambdaExp", "LambdaExp\LambdaExp.csproj", "{ED942A2D-8AD3-4730-A2C2-50C70B2C5CA3}"
EndProject
Global
	GlobalSection(SolutionConfigurationPlatforms) = preSolution
		Debug|Any CPU = Debug|Any CPU
		Release|Any CPU = Release|Any CPU
	EndGlobalSection
	GlobalSection(ProjectConfigurationPlatforms) = postSolution
		{ED942A2D-8AD3-4730-A2C2-50C70B2C5CA3}.Debug|Any CPU.ActiveCfg = Debug|Any CPU
		{ED942A2D-8AD3-4730-A2C2-50C70B2C5CA3}.Debug|Any CPU.Build.0 = Debug|Any CPU
		{ED942A2D-8AD3-4730-A2C2-50C70B2C5CA3}.Release|Any CPU.ActiveCfg = Release|Any CPU
		{ED942A2D-8AD3-4730-A2C2-50C70B2C5CA3}.Release|Any CPU.Build.0 = Release|Any CPU
	EndGlobalSection
	GlobalSection(SolutionProperties) = preSolution
		HideSolutionNode = FALSE
	EndGlobalSection
	GlobalSection(ExtensibilityGlobals) = postSolution
		SolutionGuid = {F617552C-CECF-47DF-BEB8-E6BE641B43B6}
	EndGlobalSection
EndGlobal
