
Microsoft Visual Studio Solution File, Format Version 12.00
# Visual Studio Version 17
VisualStudioVersion = 17.4.33205.214
MinimumVisualStudioVersion = 10.0.40219.1
Project("{FAE04EC0-301F-11D3-BF4B-00C04F79EFBC}") = "WebApplication1", "WebApplication1\WebApplication1.csproj", "{EACABF10-2430-4C2F-94A9-C8709A5DA74E}"
EndProject
Project("{FAE04EC0-301F-11D3-BF4B-00C04F79EFBC}") = "WebApplication2", "WebApplication2\WebApplication2.csproj", "{FB8B7EA6-F266-4CFE-AEB8-985C88581E37}"
EndProject
Global
	GlobalSection(SolutionConfigurationPlatforms) = preSolution
		Debug|Any CPU = Debug|Any CPU
		Release|Any CPU = Release|Any CPU
	EndGlobalSection
	GlobalSection(ProjectConfigurationPlatforms) = postSolution
		{EACABF10-2430-4C2F-94A9-C8709A5DA74E}.Debug|Any CPU.ActiveCfg = Debug|Any CPU
		{EACABF10-2430-4C2F-94A9-C8709A5DA74E}.Debug|Any CPU.Build.0 = Debug|Any CPU
		{EACABF10-2430-4C2F-94A9-C8709A5DA74E}.Release|Any CPU.ActiveCfg = Release|Any CPU
		{EACABF10-2430-4C2F-94A9-C8709A5DA74E}.Release|Any CPU.Build.0 = Release|Any CPU
		{FB8B7EA6-F266-4CFE-AEB8-985C88581E37}.Debug|Any CPU.ActiveCfg = Debug|Any CPU
		{FB8B7EA6-F266-4CFE-AEB8-985C88581E37}.Debug|Any CPU.Build.0 = Debug|Any CPU
		{FB8B7EA6-F266-4CFE-AEB8-985C88581E37}.Release|Any CPU.ActiveCfg = Release|Any CPU
		{FB8B7EA6-F266-4CFE-AEB8-985C88581E37}.Release|Any CPU.Build.0 = Release|Any CPU
	EndGlobalSection
	GlobalSection(SolutionProperties) = preSolution
		HideSolutionNode = FALSE
	EndGlobalSection
	GlobalSection(ExtensibilityGlobals) = postSolution
		SolutionGuid = {DA34E6B6-8592-4E55-9462-AAA2656CB067}
	EndGlobalSection
EndGlobal
